
Microsoft Visual Studio Solution File, Format Version 12.00
# Visual Studio Version 16
VisualStudioVersion = 16.0.29102.190
MinimumVisualStudioVersion = 10.0.40219.1
Project("{9A19103F-16F7-4668-BE54-9A1E7A4F7556}") = "EdiFactory", "src\EdiFactory.csproj", "{86E3D693-3A52-400D-AAAC-71BEDD860355}"
EndProject
Global
	GlobalSection(SolutionConfigurationPlatforms) = preSolution
		Debug|Any CPU = Debug|Any CPU
		Release|Any CPU = Release|Any CPU
	EndGlobalSection
	GlobalSection(ProjectConfigurationPlatforms) = postSolution
		{86E3D693-3A52-400D-AAAC-71BEDD860355}.Debug|Any CPU.ActiveCfg = Debug|Any CPU
		{86E3D693-3A52-400D-AAAC-71BEDD860355}.Debug|Any CPU.Build.0 = Debug|Any CPU
		{86E3D693-3A52-400D-AAAC-71BEDD860355}.Release|Any CPU.ActiveCfg = Release|Any CPU
		{86E3D693-3A52-400D-AAAC-71BEDD860355}.Release|Any CPU.Build.0 = Release|Any CPU
	EndGlobalSection
	GlobalSection(SolutionProperties) = preSolution
		HideSolutionNode = FALSE
	EndGlobalSection
	GlobalSection(ExtensibilityGlobals) = postSolution
		SolutionGuid = {A419B1D9-E230-436C-88F3-A9DFE475615D}
	EndGlobalSection
EndGlobal
